
Microsoft Visual Studio Solution File, Format Version 12.00
# Visual Studio Version 16
VisualStudioVersion = 16.0.30225.117
MinimumVisualStudioVersion = 10.0.40219.1
Project("{FAE04EC0-301F-11D3-BF4B-00C04F79EFBC}") = "EFCodefirstapproach", "EFCodefirstapproach\EFCodefirstapproach.csproj", "{67509639-1097-422F-A86D-C40F21BE49D3}"
EndProject
Project("{FAE04EC0-301F-11D3-BF4B-00C04F79EFBC}") = "EmployeeData", "EmployeeData\EmployeeData.csproj", "{578B82AD-14D0-48B3-BA7A-E564FDACACC5}"
EndProject
Project("{FAE04EC0-301F-11D3-BF4B-00C04F79EFBC}") = "EmplyeeDb", "EmplyeeDb\EmplyeeDb.csproj", "{7B2B8E25-FB68-4653-A58B-7A868B194E19}"
EndProject
Global
	GlobalSection(SolutionConfigurationPlatforms) = preSolution
		Debug|Any CPU = Debug|Any CPU
		Release|Any CPU = Release|Any CPU
	EndGlobalSection
	GlobalSection(ProjectConfigurationPlatforms) = postSolution
		{67509639-1097-422F-A86D-C40F21BE49D3}.Debug|Any CPU.ActiveCfg = Debug|Any CPU
		{67509639-1097-422F-A86D-C40F21BE49D3}.Debug|Any CPU.Build.0 = Debug|Any CPU
		{67509639-1097-422F-A86D-C40F21BE49D3}.Release|Any CPU.ActiveCfg = Release|Any CPU
		{67509639-1097-422F-A86D-C40F21BE49D3}.Release|Any CPU.Build.0 = Release|Any CPU
		{578B82AD-14D0-48B3-BA7A-E564FDACACC5}.Debug|Any CPU.ActiveCfg = Debug|Any CPU
		{578B82AD-14D0-48B3-BA7A-E564FDACACC5}.Debug|Any CPU.Build.0 = Debug|Any CPU
		{578B82AD-14D0-48B3-BA7A-E564FDACACC5}.Release|Any CPU.ActiveCfg = Release|Any CPU
		{578B82AD-14D0-48B3-BA7A-E564FDACACC5}.Release|Any CPU.Build.0 = Release|Any CPU
		{7B2B8E25-FB68-4653-A58B-7A868B194E19}.Debug|Any CPU.ActiveCfg = Debug|Any CPU
		{7B2B8E25-FB68-4653-A58B-7A868B194E19}.Debug|Any CPU.Build.0 = Debug|Any CPU
		{7B2B8E25-FB68-4653-A58B-7A868B194E19}.Release|Any CPU.ActiveCfg = Release|Any CPU
		{7B2B8E25-FB68-4653-A58B-7A868B194E19}.Release|Any CPU.Build.0 = Release|Any CPU
	EndGlobalSection
	GlobalSection(SolutionProperties) = preSolution
		HideSolutionNode = FALSE
	EndGlobalSection
	GlobalSection(ExtensibilityGlobals) = postSolution
		SolutionGuid = {51DA227D-8A8E-4208-823B-64C53BB467CF}
	EndGlobalSection
EndGlobal
