
Microsoft Visual Studio Solution File, Format Version 12.00
# Visual Studio Version 16
VisualStudioVersion = 16.0.30406.217
MinimumVisualStudioVersion = 10.0.40219.1
Project("{FAE04EC0-301F-11D3-BF4B-00C04F79EFBC}") = "DockerSampleApplication", "DockerSampleApplication\DockerSampleApplication.csproj", "{1E2F3143-D901-4836-9DE0-7581F0341526}"
EndProject
Global
	GlobalSection(SolutionConfigurationPlatforms) = preSolution
		Debug|Any CPU = Debug|Any CPU
		Release|Any CPU = Release|Any CPU
	EndGlobalSection
	GlobalSection(ProjectConfigurationPlatforms) = postSolution
		{1E2F3143-D901-4836-9DE0-7581F0341526}.Debug|Any CPU.ActiveCfg = Debug|Any CPU
		{1E2F3143-D901-4836-9DE0-7581F0341526}.Debug|Any CPU.Build.0 = Debug|Any CPU
		{1E2F3143-D901-4836-9DE0-7581F0341526}.Release|Any CPU.ActiveCfg = Release|Any CPU
		{1E2F3143-D901-4836-9DE0-7581F0341526}.Release|Any CPU.Build.0 = Release|Any CPU
	EndGlobalSection
	GlobalSection(SolutionProperties) = preSolution
		HideSolutionNode = FALSE
	EndGlobalSection
	GlobalSection(ExtensibilityGlobals) = postSolution
		SolutionGuid = {DE47E302-AC3B-45FC-8940-F7AC9152A681}
	EndGlobalSection
EndGlobal
