
Microsoft Visual Studio Solution File, Format Version 12.00
# Visual Studio Version 16
VisualStudioVersion = 16.0.30225.117
MinimumVisualStudioVersion = 10.0.40219.1
Project("{FAE04EC0-301F-11D3-BF4B-00C04F79EFBC}") = "AccountRegistration", "AccountRegistration\AccountRegistration.csproj", "{3BA0835B-2741-448B-BB7C-52B3342EAA7B}"
EndProject
Project("{FAE04EC0-301F-11D3-BF4B-00C04F79EFBC}") = "UserInformation", "UserInformation\UserInformation.csproj", "{4FCFA364-4DF4-48C2-93BB-DBD06E9AC094}"
EndProject
Global
	GlobalSection(SolutionConfigurationPlatforms) = preSolution
		Debug|Any CPU = Debug|Any CPU
		Release|Any CPU = Release|Any CPU
	EndGlobalSection
	GlobalSection(ProjectConfigurationPlatforms) = postSolution
		{3BA0835B-2741-448B-BB7C-52B3342EAA7B}.Debug|Any CPU.ActiveCfg = Debug|Any CPU
		{3BA0835B-2741-448B-BB7C-52B3342EAA7B}.Debug|Any CPU.Build.0 = Debug|Any CPU
		{3BA0835B-2741-448B-BB7C-52B3342EAA7B}.Release|Any CPU.ActiveCfg = Release|Any CPU
		{3BA0835B-2741-448B-BB7C-52B3342EAA7B}.Release|Any CPU.Build.0 = Release|Any CPU
		{4FCFA364-4DF4-48C2-93BB-DBD06E9AC094}.Debug|Any CPU.ActiveCfg = Debug|Any CPU
		{4FCFA364-4DF4-48C2-93BB-DBD06E9AC094}.Debug|Any CPU.Build.0 = Debug|Any CPU
		{4FCFA364-4DF4-48C2-93BB-DBD06E9AC094}.Release|Any CPU.ActiveCfg = Release|Any CPU
		{4FCFA364-4DF4-48C2-93BB-DBD06E9AC094}.Release|Any CPU.Build.0 = Release|Any CPU
	EndGlobalSection
	GlobalSection(SolutionProperties) = preSolution
		HideSolutionNode = FALSE
	EndGlobalSection
	GlobalSection(ExtensibilityGlobals) = postSolution
		SolutionGuid = {7EA701D2-A2B7-4ECD-954E-7DF42F242DC1}
	EndGlobalSection
EndGlobal
