
Microsoft Visual Studio Solution File, Format Version 12.00
# Visual Studio Version 16
VisualStudioVersion = 16.0.30225.117
MinimumVisualStudioVersion = 10.0.40219.1
Project("{FAE04EC0-301F-11D3-BF4B-00C04F79EFBC}") = "OCP", "OCP\OCP.csproj", "{2DD17DA2-CBC5-4410-BE9F-0126622495B0}"
EndProject
Global
	GlobalSection(SolutionConfigurationPlatforms) = preSolution
		Debug|Any CPU = Debug|Any CPU
		Release|Any CPU = Release|Any CPU
	EndGlobalSection
	GlobalSection(ProjectConfigurationPlatforms) = postSolution
		{2DD17DA2-CBC5-4410-BE9F-0126622495B0}.Debug|Any CPU.ActiveCfg = Debug|Any CPU
		{2DD17DA2-CBC5-4410-BE9F-0126622495B0}.Debug|Any CPU.Build.0 = Debug|Any CPU
		{2DD17DA2-CBC5-4410-BE9F-0126622495B0}.Release|Any CPU.ActiveCfg = Release|Any CPU
		{2DD17DA2-CBC5-4410-BE9F-0126622495B0}.Release|Any CPU.Build.0 = Release|Any CPU
	EndGlobalSection
	GlobalSection(SolutionProperties) = preSolution
		HideSolutionNode = FALSE
	EndGlobalSection
	GlobalSection(ExtensibilityGlobals) = postSolution
		SolutionGuid = {8FD9C659-4691-4E5B-9615-BD81603F74DE}
	EndGlobalSection
EndGlobal
